// !$*UTF8*$!
{
	archiveVersion = 1;
	classes = {
	};
	objectVersion = 55;
	objects = {

/* Begin PBXBuildFile section */
		3318639E2835B968006A1CE7 /* APIError.swift in Sources */ = {isa = PBXBuildFile; fileRef = 3318639D2835B968006A1CE7 /* APIError.swift */; };
		331863A02837178F006A1CE7 /* LocationError.swift in Sources */ = {isa = PBXBuildFile; fileRef = 3318639F2837178F006A1CE7 /* LocationError.swift */; };
		334A11DE280F5C6300A4C8AA /* AppDelegate.swift in Sources */ = {isa = PBXBuildFile; fileRef = 334A11DD280F5C6300A4C8AA /* AppDelegate.swift */; };
		334A11E0280F5C6300A4C8AA /* SceneDelegate.swift in Sources */ = {isa = PBXBuildFile; fileRef = 334A11DF280F5C6300A4C8AA /* SceneDelegate.swift */; };
		334A11E5280F5C6300A4C8AA /* Main.storyboard in Resources */ = {isa = PBXBuildFile; fileRef = 334A11E3280F5C6300A4C8AA /* Main.storyboard */; };
		334A11E7280F5C6500A4C8AA /* Assets.xcassets in Resources */ = {isa = PBXBuildFile; fileRef = 334A11E6280F5C6500A4C8AA /* Assets.xcassets */; };
		334A11EA280F5C6500A4C8AA /* LaunchScreen.storyboard in Resources */ = {isa = PBXBuildFile; fileRef = 334A11E8280F5C6500A4C8AA /* LaunchScreen.storyboard */; };
		334A11F52810BFED00A4C8AA /* WeatherViewController.swift in Sources */ = {isa = PBXBuildFile; fileRef = 334A11F42810BFEC00A4C8AA /* WeatherViewController.swift */; };
		334A11F92810CC8600A4C8AA /* WeatherCollectionViewCell.swift in Sources */ = {isa = PBXBuildFile; fileRef = 334A11F82810CC8600A4C8AA /* WeatherCollectionViewCell.swift */; };
		33A2465F283ADE4200C2C366 /* ResponseModels.swift in Sources */ = {isa = PBXBuildFile; fileRef = 33A2465E283ADE4200C2C366 /* ResponseModels.swift */; };
		33B6305428157A2000C739F1 /* NetworkManager.swift in Sources */ = {isa = PBXBuildFile; fileRef = 33B6305328157A2000C739F1 /* NetworkManager.swift */; };
		33B630582815C8FF00C739F1 /* Weather.swift in Sources */ = {isa = PBXBuildFile; fileRef = 33B630572815C8FF00C739F1 /* Weather.swift */; };
		33FEECF0285014D000E11714 /* LocationService.swift in Sources */ = {isa = PBXBuildFile; fileRef = 33FEECEF285014D000E11714 /* LocationService.swift */; };
/* End PBXBuildFile section */

/* Begin PBXFileReference section */
		3318639D2835B968006A1CE7 /* APIError.swift */ = {isa = PBXFileReference; lastKnownFileType = sourcecode.swift; path = APIError.swift; sourceTree = "<group>"; };
		3318639F2837178F006A1CE7 /* LocationError.swift */ = {isa = PBXFileReference; lastKnownFileType = sourcecode.swift; path = LocationError.swift; sourceTree = "<group>"; };
		334A11DA280F5C6300A4C8AA /* WeatherApp.app */ = {isa = PBXFileReference; explicitFileType = wrapper.application; includeInIndex = 0; path = WeatherApp.app; sourceTree = BUILT_PRODUCTS_DIR; };
		334A11DD280F5C6300A4C8AA /* AppDelegate.swift */ = {isa = PBXFileReference; lastKnownFileType = sourcecode.swift; path = AppDelegate.swift; sourceTree = "<group>"; };
		334A11DF280F5C6300A4C8AA /* SceneDelegate.swift */ = {isa = PBXFileReference; lastKnownFileType = sourcecode.swift; path = SceneDelegate.swift; sourceTree = "<group>"; };
		334A11E4280F5C6300A4C8AA /* Base */ = {isa = PBXFileReference; lastKnownFileType = file.storyboard; name = Base; path = Base.lproj/Main.storyboard; sourceTree = "<group>"; };
		334A11E6280F5C6500A4C8AA /* Assets.xcassets */ = {isa = PBXFileReference; lastKnownFileType = folder.assetcatalog; path = Assets.xcassets; sourceTree = "<group>"; };
		334A11E9280F5C6500A4C8AA /* Base */ = {isa = PBXFileReference; lastKnownFileType = file.storyboard; name = Base; path = Base.lproj/LaunchScreen.storyboard; sourceTree = "<group>"; };
		334A11EB280F5C6500A4C8AA /* Info.plist */ = {isa = PBXFileReference; lastKnownFileType = text.plist.xml; path = Info.plist; sourceTree = "<group>"; };
		334A11F42810BFEC00A4C8AA /* WeatherViewController.swift */ = {isa = PBXFileReference; lastKnownFileType = sourcecode.swift; path = WeatherViewController.swift; sourceTree = "<group>"; };
		334A11F82810CC8600A4C8AA /* WeatherCollectionViewCell.swift */ = {isa = PBXFileReference; lastKnownFileType = sourcecode.swift; path = WeatherCollectionViewCell.swift; sourceTree = "<group>"; };
		33A2465E283ADE4200C2C366 /* ResponseModels.swift */ = {isa = PBXFileReference; lastKnownFileType = sourcecode.swift; path = ResponseModels.swift; sourceTree = "<group>"; };
		33B6305328157A2000C739F1 /* NetworkManager.swift */ = {isa = PBXFileReference; lastKnownFileType = sourcecode.swift; path = NetworkManager.swift; sourceTree = "<group>"; };
		33B630572815C8FF00C739F1 /* Weather.swift */ = {isa = PBXFileReference; lastKnownFileType = sourcecode.swift; path = Weather.swift; sourceTree = "<group>"; };
		33FEECEF285014D000E11714 /* LocationService.swift */ = {isa = PBXFileReference; lastKnownFileType = sourcecode.swift; path = LocationService.swift; sourceTree = "<group>"; };
/* End PBXFileReference section */

/* Begin PBXFrameworksBuildPhase section */
		334A11D7280F5C6200A4C8AA /* Frameworks */ = {
			isa = PBXFrameworksBuildPhase;
			buildActionMask = 2147483647;
			files = (
			);
			runOnlyForDeploymentPostprocessing = 0;
		};
/* End PBXFrameworksBuildPhase section */

/* Begin PBXGroup section */
		334A11D1280F5C6200A4C8AA = {
			isa = PBXGroup;
			children = (
				334A11DC280F5C6300A4C8AA /* WeatherApp */,
				334A11DB280F5C6300A4C8AA /* Products */,
			);
			sourceTree = "<group>";
		};
		334A11DB280F5C6300A4C8AA /* Products */ = {
			isa = PBXGroup;
			children = (
				334A11DA280F5C6300A4C8AA /* WeatherApp.app */,
			);
			name = Products;
			sourceTree = "<group>";
		};
		334A11DC280F5C6300A4C8AA /* WeatherApp */ = {
			isa = PBXGroup;
			children = (
				334A11DD280F5C6300A4C8AA /* AppDelegate.swift */,
				334A11DF280F5C6300A4C8AA /* SceneDelegate.swift */,
				334A11F3280F5D2500A4C8AA /* Model */,
				334A11F2280F5D1C00A4C8AA /* View */,
				334A11F1280F5D1100A4C8AA /* Controller */,
				33B630592815CC8A00C739F1 /* Services */,
				334A11E3280F5C6300A4C8AA /* Main.storyboard */,
				334A11E8280F5C6500A4C8AA /* LaunchScreen.storyboard */,
				334A11E6280F5C6500A4C8AA /* Assets.xcassets */,
				334A11EB280F5C6500A4C8AA /* Info.plist */,
			);
			path = WeatherApp;
			sourceTree = "<group>";
		};
		334A11F1280F5D1100A4C8AA /* Controller */ = {
			isa = PBXGroup;
			children = (
				334A11F42810BFEC00A4C8AA /* WeatherViewController.swift */,
			);
			path = Controller;
			sourceTree = "<group>";
		};
		334A11F2280F5D1C00A4C8AA /* View */ = {
			isa = PBXGroup;
			children = (
				334A11F82810CC8600A4C8AA /* WeatherCollectionViewCell.swift */,
			);
			path = View;
			sourceTree = "<group>";
		};
		334A11F3280F5D2500A4C8AA /* Model */ = {
			isa = PBXGroup;
			children = (
				33A2465E283ADE4200C2C366 /* ResponseModels.swift */,
				33B630572815C8FF00C739F1 /* Weather.swift */,
				3318639D2835B968006A1CE7 /* APIError.swift */,
				3318639F2837178F006A1CE7 /* LocationError.swift */,
			);
			path = Model;
			sourceTree = "<group>";
		};
		33B630592815CC8A00C739F1 /* Services */ = {
			isa = PBXGroup;
			children = (
				33B6305328157A2000C739F1 /* NetworkManager.swift */,
				33FEECEF285014D000E11714 /* LocationService.swift */,
			);
			path = Services;
			sourceTree = "<group>";
		};
/* End PBXGroup section */

/* Begin PBXNativeTarget section */
		334A11D9280F5C6200A4C8AA /* WeatherApp */ = {
			isa = PBXNativeTarget;
			buildConfigurationList = 334A11EE280F5C6500A4C8AA /* Build configuration list for PBXNativeTarget "WeatherApp" */;
			buildPhases = (
				334A11D6280F5C6200A4C8AA /* Sources */,
				334A11D7280F5C6200A4C8AA /* Frameworks */,
				334A11D8280F5C6200A4C8AA /* Resources */,
			);
			buildRules = (
			);
			dependencies = (
			);
			name = WeatherApp;
			productName = WeatherApp;
			productReference = 334A11DA280F5C6300A4C8AA /* WeatherApp.app */;
			productType = "com.apple.product-type.application";
		};
/* End PBXNativeTarget section */

/* Begin PBXProject section */
		334A11D2280F5C6200A4C8AA /* Project object */ = {
			isa = PBXProject;
			attributes = {
				BuildIndependentTargetsInParallel = 1;
				LastSwiftUpdateCheck = 1330;
				LastUpgradeCheck = 1330;
				TargetAttributes = {
					334A11D9280F5C6200A4C8AA = {
						CreatedOnToolsVersion = 13.3.1;
					};
				};
			};
			buildConfigurationList = 334A11D5280F5C6200A4C8AA /* Build configuration list for PBXProject "WeatherApp" */;
			compatibilityVersion = "Xcode 13.0";
			developmentRegion = en;
			hasScannedForEncodings = 0;
			knownRegions = (
				en,
				Base,
			);
			mainGroup = 334A11D1280F5C6200A4C8AA;
			productRefGroup = 334A11DB280F5C6300A4C8AA /* Products */;
			projectDirPath = "";
			projectRoot = "";
			targets = (
				334A11D9280F5C6200A4C8AA /* WeatherApp */,
			);
		};
/* End PBXProject section */

/* Begin PBXResourcesBuildPhase section */
		334A11D8280F5C6200A4C8AA /* Resources */ = {
			isa = PBXResourcesBuildPhase;
			buildActionMask = 2147483647;
			files = (
				334A11EA280F5C6500A4C8AA /* LaunchScreen.storyboard in Resources */,
				334A11E7280F5C6500A4C8AA /* Assets.xcassets in Resources */,
				334A11E5280F5C6300A4C8AA /* Main.storyboard in Resources */,
			);
			runOnlyForDeploymentPostprocessing = 0;
		};
/* End PBXResourcesBuildPhase section */

/* Begin PBXSourcesBuildPhase section */
		334A11D6280F5C6200A4C8AA /* Sources */ = {
			isa = PBXSourcesBuildPhase;
			buildActionMask = 2147483647;
			files = (
				33B630582815C8FF00C739F1 /* Weather.swift in Sources */,
				334A11F92810CC8600A4C8AA /* WeatherCollectionViewCell.swift in Sources */,
				33FEECF0285014D000E11714 /* LocationService.swift in Sources */,
				334A11F52810BFED00A4C8AA /* WeatherViewController.swift in Sources */,
				331863A02837178F006A1CE7 /* LocationError.swift in Sources */,
				33B6305428157A2000C739F1 /* NetworkManager.swift in Sources */,
				33A2465F283ADE4200C2C366 /* ResponseModels.swift in Sources */,
				334A11DE280F5C6300A4C8AA /* AppDelegate.swift in Sources */,
				334A11E0280F5C6300A4C8AA /* SceneDelegate.swift in Sources */,
				3318639E2835B968006A1CE7 /* APIError.swift in Sources */,
			);
			runOnlyForDeploymentPostprocessing = 0;
		};
/* End PBXSourcesBuildPhase section */

/* Begin PBXVariantGroup section */
		334A11E3280F5C6300A4C8AA /* Main.storyboard */ = {
			isa = PBXVariantGroup;
			children = (
				334A11E4280F5C6300A4C8AA /* Base */,
			);
			name = Main.storyboard;
			sourceTree = "<group>";
		};
		334A11E8280F5C6500A4C8AA /* LaunchScreen.storyboard */ = {
			isa = PBXVariantGroup;
			children = (
				334A11E9280F5C6500A4C8AA /* Base */,
			);
			name = LaunchScreen.storyboard;
			sourceTree = "<group>";
		};
/* End PBXVariantGroup section */

/* Begin XCBuildConfiguration section */
		334A11EC280F5C6500A4C8AA /* Debug */ = {
			isa = XCBuildConfiguration;
			buildSettings = {
				ALWAYS_SEARCH_USER_PATHS = NO;
				CLANG_ANALYZER_NONNULL = YES;
				CLANG_ANALYZER_NUMBER_OBJECT_CONVERSION = YES_AGGRESSIVE;
				CLANG_CXX_LANGUAGE_STANDARD = "gnu++17";
				CLANG_ENABLE_MODULES = YES;
				CLANG_ENABLE_OBJC_ARC = YES;
				CLANG_ENABLE_OBJC_WEAK = YES;
				CLANG_WARN_BLOCK_CAPTURE_AUTORELEASING = YES;
				CLANG_WARN_BOOL_CONVERSION = YES;
				CLANG_WARN_COMMA = YES;
				CLANG_WARN_CONSTANT_CONVERSION = YES;
				CLANG_WARN_DEPRECATED_OBJC_IMPLEMENTATIONS = YES;
				CLANG_WARN_DIRECT_OBJC_ISA_USAGE = YES_ERROR;
				CLANG_WARN_DOCUMENTATION_COMMENTS = YES;
				CLANG_WARN_EMPTY_BODY = YES;
				CLANG_WARN_ENUM_CONVERSION = YES;
				CLANG_WARN_INFINITE_RECURSION = YES;
				CLANG_WARN_INT_CONVERSION = YES;
				CLANG_WARN_NON_LITERAL_NULL_CONVERSION = YES;
				CLANG_WARN_OBJC_IMPLICIT_RETAIN_SELF = YES;
				CLANG_WARN_OBJC_LITERAL_CONVERSION = YES;
				CLANG_WARN_OBJC_ROOT_CLASS = YES_ERROR;
				CLANG_WARN_QUOTED_INCLUDE_IN_FRAMEWORK_HEADER = YES;
				CLANG_WARN_RANGE_LOOP_ANALYSIS = YES;
				CLANG_WARN_STRICT_PROTOTYPES = YES;
				CLANG_WARN_SUSPICIOUS_MOVE = YES;
				CLANG_WARN_UNGUARDED_AVAILABILITY = YES_AGGRESSIVE;
				CLANG_WARN_UNREACHABLE_CODE = YES;
				CLANG_WARN__DUPLICATE_METHOD_MATCH = YES;
				COPY_PHASE_STRIP = NO;
				DEBUG_INFORMATION_FORMAT = dwarf;
				ENABLE_STRICT_OBJC_MSGSEND = YES;
				ENABLE_TESTABILITY = YES;
				GCC_C_LANGUAGE_STANDARD = gnu11;
				GCC_DYNAMIC_NO_PIC = NO;
				GCC_NO_COMMON_BLOCKS = YES;
				GCC_OPTIMIZATION_LEVEL = 0;
				GCC_PREPROCESSOR_DEFINITIONS = (
					"DEBUG=1",
					"$(inherited)",
				);
				GCC_WARN_64_TO_32_BIT_CONVERSION = YES;
				GCC_WARN_ABOUT_RETURN_TYPE = YES_ERROR;
				GCC_WARN_UNDECLARED_SELECTOR = YES;
				GCC_WARN_UNINITIALIZED_AUTOS = YES_AGGRESSIVE;
				GCC_WARN_UNUSED_FUNCTION = YES;
				GCC_WARN_UNUSED_VARIABLE = YES;
				IPHONEOS_DEPLOYMENT_TARGET = 15.4;
				MTL_ENABLE_DEBUG_INFO = INCLUDE_SOURCE;
				MTL_FAST_MATH = YES;
				ONLY_ACTIVE_ARCH = YES;
				SDKROOT = iphoneos;
				SWIFT_ACTIVE_COMPILATION_CONDITIONS = DEBUG;
				SWIFT_OPTIMIZATION_LEVEL = "-Onone";
			};
			name = Debug;
		};
		334A11ED280F5C6500A4C8AA /* Release */ = {
			isa = XCBuildConfiguration;
			buildSettings = {
				ALWAYS_SEARCH_USER_PATHS = NO;
				CLANG_ANALYZER_NONNULL = YES;
				CLANG_ANALYZER_NUMBER_OBJECT_CONVERSION = YES_AGGRESSIVE;
				CLANG_CXX_LANGUAGE_STANDARD = "gnu++17";
				CLANG_ENABLE_MODULES = YES;
				CLANG_ENABLE_OBJC_ARC = YES;
				CLANG_ENABLE_OBJC_WEAK = YES;
				CLANG_WARN_BLOCK_CAPTURE_AUTORELEASING = YES;
				CLANG_WARN_BOOL_CONVERSION = YES;
				CLANG_WARN_COMMA = YES;
				CLANG_WARN_CONSTANT_CONVERSION = YES;
				CLANG_WARN_DEPRECATED_OBJC_IMPLEMENTATIONS = YES;
				CLANG_WARN_DIRECT_OBJC_ISA_USAGE = YES_ERROR;
				CLANG_WARN_DOCUMENTATION_COMMENTS = YES;
				CLANG_WARN_EMPTY_BODY = YES;
				CLANG_WARN_ENUM_CONVERSION = YES;
				CLANG_WARN_INFINITE_RECURSION = YES;
				CLANG_WARN_INT_CONVERSION = YES;
				CLANG_WARN_NON_LITERAL_NULL_CONVERSION = YES;
				CLANG_WARN_OBJC_IMPLICIT_RETAIN_SELF = YES;
				CLANG_WARN_OBJC_LITERAL_CONVERSION = YES;
				CLANG_WARN_OBJC_ROOT_CLASS = YES_ERROR;
				CLANG_WARN_QUOTED_INCLUDE_IN_FRAMEWORK_HEADER = YES;
				CLANG_WARN_RANGE_LOOP_ANALYSIS = YES;
				CLANG_WARN_STRICT_PROTOTYPES = YES;
				CLANG_WARN_SUSPICIOUS_MOVE = YES;
				CLANG_WARN_UNGUARDED_AVAILABILITY = YES_AGGRESSIVE;
				CLANG_WARN_UNREACHABLE_CODE = YES;
				CLANG_WARN__DUPLICATE_METHOD_MATCH = YES;
				COPY_PHASE_STRIP = NO;
				DEBUG_INFORMATION_FORMAT = "dwarf-with-dsym";
				ENABLE_NS_ASSERTIONS = NO;
				ENABLE_STRICT_OBJC_MSGSEND = YES;
				GCC_C_LANGUAGE_STANDARD = gnu11;
				GCC_NO_COMMON_BLOCKS = YES;
				GCC_WARN_64_TO_32_BIT_CONVERSION = YES;
				GCC_WARN_ABOUT_RETURN_TYPE = YES_ERROR;
				GCC_WARN_UNDECLARED_SELECTOR = YES;
				GCC_WARN_UNINITIALIZED_AUTOS = YES_AGGRESSIVE;
				GCC_WARN_UNUSED_FUNCTION = YES;
				GCC_WARN_UNUSED_VARIABLE = YES;
				IPHONEOS_DEPLOYMENT_TARGET = 15.4;
				MTL_ENABLE_DEBUG_INFO = NO;
				MTL_FAST_MATH = YES;
				SDKROOT = iphoneos;
				SWIFT_COMPILATION_MODE = wholemodule;
				SWIFT_OPTIMIZATION_LEVEL = "-O";
				VALIDATE_PRODUCT = YES;
			};
			name = Release;
		};
		334A11EF280F5C6500A4C8AA /* Debug */ = {
			isa = XCBuildConfiguration;
			buildSettings = {
				ASSETCATALOG_COMPILER_APPICON_NAME = AppIcon;
				ASSETCATALOG_COMPILER_GLOBAL_ACCENT_COLOR_NAME = AccentColor;
				CODE_SIGN_STYLE = Automatic;
				CURRENT_PROJECT_VERSION = 1;
				DEVELOPMENT_TEAM = B33C68V2AN;
				GENERATE_INFOPLIST_FILE = YES;
				INFOPLIST_FILE = WeatherApp/Info.plist;
				INFOPLIST_KEY_NSLocationAlwaysAndWhenInUseUsageDescription = "We need your current location to check the weather";
				INFOPLIST_KEY_NSLocationAlwaysUsageDescription = "We need your current location to check the weather";
				INFOPLIST_KEY_NSLocationWhenInUseUsageDescription = "We need your current location to check the weather";
				INFOPLIST_KEY_UIApplicationSupportsIndirectInputEvents = YES;
				INFOPLIST_KEY_UILaunchStoryboardName = LaunchScreen;
				INFOPLIST_KEY_UIMainStoryboardFile = Main;
				INFOPLIST_KEY_UISupportedInterfaceOrientations = UIInterfaceOrientationPortrait;
				INFOPLIST_KEY_UISupportedInterfaceOrientations_iPad = "UIInterfaceOrientationPortrait UIInterfaceOrientationPortraitUpsideDown UIInterfaceOrientationLandscapeLeft UIInterfaceOrientationLandscapeRight";
				INFOPLIST_KEY_UISupportedInterfaceOrientations_iPhone = UIInterfaceOrientationPortrait;
				LD_RUNPATH_SEARCH_PATHS = (
					"$(inherited)",
					"@executable_path/Frameworks",
				);
				MARKETING_VERSION = 1.0;
				PRODUCT_BUNDLE_IDENTIFIER = josuegcp95.WeatherApp;
				PRODUCT_NAME = "$(TARGET_NAME)";
				SWIFT_EMIT_LOC_STRINGS = YES;
				SWIFT_VERSION = 5.0;
				TARGETED_DEVICE_FAMILY = 1;
			};
			name = Debug;
		};
		334A11F0280F5C6500A4C8AA /* Release */ = {
			isa = XCBuildConfiguration;
			buildSettings = {
				ASSETCATALOG_COMPILER_APPICON_NAME = AppIcon;
				ASSETCATALOG_COMPILER_GLOBAL_ACCENT_COLOR_NAME = AccentColor;
				CODE_SIGN_STYLE = Automatic;
				CURRENT_PROJECT_VERSION = 1;
				DEVELOPMENT_TEAM = B33C68V2AN;
				GENERATE_INFOPLIST_FILE = YES;
				INFOPLIST_FILE = WeatherApp/Info.plist;
				INFOPLIST_KEY_NSLocationAlwaysAndWhenInUseUsageDescription = "We need your current location to check the weather";
				INFOPLIST_KEY_NSLocationAlwaysUsageDescription = "We need your current location to check the weather";
				INFOPLIST_KEY_NSLocationWhenInUseUsageDescription = "We need your current location to check the weather";
				INFOPLIST_KEY_UIApplicationSupportsIndirectInputEvents = YES;
				INFOPLIST_KEY_UILaunchStoryboardName = LaunchScreen;
				INFOPLIST_KEY_UIMainStoryboardFile = Main;
				INFOPLIST_KEY_UISupportedInterfaceOrientations = UIInterfaceOrientationPortrait;
				INFOPLIST_KEY_UISupportedInterfaceOrientations_iPad = "UIInterfaceOrientationPortrait UIInterfaceOrientationPortraitUpsideDown UIInterfaceOrientationLandscapeLeft UIInterfaceOrientationLandscapeRight";
				INFOPLIST_KEY_UISupportedInterfaceOrientations_iPhone = UIInterfaceOrientationPortrait;
				LD_RUNPATH_SEARCH_PATHS = (
					"$(inherited)",
					"@executable_path/Frameworks",
				);
				MARKETING_VERSION = 1.0;
				PRODUCT_BUNDLE_IDENTIFIER = josuegcp95.WeatherApp;
				PRODUCT_NAME = "$(TARGET_NAME)";
				SWIFT_EMIT_LOC_STRINGS = YES;
				SWIFT_VERSION = 5.0;
				TARGETED_DEVICE_FAMILY = 1;
			};
			name = Release;
		};
/* End XCBuildConfiguration section */

/* Begin XCConfigurationList section */
		334A11D5280F5C6200A4C8AA /* Build configuration list for PBXProject "WeatherApp" */ = {
			isa = XCConfigurationList;
			buildConfigurations = (
				334A11EC280F5C6500A4C8AA /* Debug */,
				334A11ED280F5C6500A4C8AA /* Release */,
			);
			defaultConfigurationIsVisible = 0;
			defaultConfigurationName = Release;
		};
		334A11EE280F5C6500A4C8AA /* Build configuration list for PBXNativeTarget "WeatherApp" */ = {
			isa = XCConfigurationList;
			buildConfigurations = (
				334A11EF280F5C6500A4C8AA /* Debug */,
				334A11F0280F5C6500A4C8AA /* Release */,
			);
			defaultConfigurationIsVisible = 0;
			defaultConfigurationName = Release;
		};
/* End XCConfigurationList section */
	};
	rootObject = 334A11D2280F5C6200A4C8AA /* Project object */;
}
